
Microsoft Visual Studio Solution File, Format Version 12.00
# Visual Studio Version 16
VisualStudioVersion = 16.0.30404.54
MinimumVisualStudioVersion = 10.0.40219.1
Project("{FAE04EC0-301F-11D3-BF4B-00C04F79EFBC}") = "CapyFinPlan.Domain.Model", "CapyFinPlan.Domain.Model\CapyFinPlan.Domain.Model.csproj", "{AED27F70-53B4-4758-B980-9F0473DB5D99}"
EndProject
Project("{FAE04EC0-301F-11D3-BF4B-00C04F79EFBC}") = "CapyFinPlan.Domain.Model.Tests", "CapyFinPlan.Domain.Model.Tests\CapyFinPlan.Domain.Model.Tests.csproj", "{9CE10EB5-0D2F-448E-8485-842D83F8E3C2}"
EndProject
Global
	GlobalSection(SolutionConfigurationPlatforms) = preSolution
		Debug|Any CPU = Debug|Any CPU
		Release|Any CPU = Release|Any CPU
	EndGlobalSection
	GlobalSection(ProjectConfigurationPlatforms) = postSolution
		{AED27F70-53B4-4758-B980-9F0473DB5D99}.Debug|Any CPU.ActiveCfg = Debug|Any CPU
		{AED27F70-53B4-4758-B980-9F0473DB5D99}.Debug|Any CPU.Build.0 = Debug|Any CPU
		{AED27F70-53B4-4758-B980-9F0473DB5D99}.Release|Any CPU.ActiveCfg = Release|Any CPU
		{AED27F70-53B4-4758-B980-9F0473DB5D99}.Release|Any CPU.Build.0 = Release|Any CPU
		{9CE10EB5-0D2F-448E-8485-842D83F8E3C2}.Debug|Any CPU.ActiveCfg = Debug|Any CPU
		{9CE10EB5-0D2F-448E-8485-842D83F8E3C2}.Debug|Any CPU.Build.0 = Debug|Any CPU
		{9CE10EB5-0D2F-448E-8485-842D83F8E3C2}.Release|Any CPU.ActiveCfg = Release|Any CPU
		{9CE10EB5-0D2F-448E-8485-842D83F8E3C2}.Release|Any CPU.Build.0 = Release|Any CPU
	EndGlobalSection
	GlobalSection(SolutionProperties) = preSolution
		HideSolutionNode = FALSE
	EndGlobalSection
	GlobalSection(ExtensibilityGlobals) = postSolution
		SolutionGuid = {4B035C14-A3A5-4FD9-914E-9ECC2DA0A391}
	EndGlobalSection
EndGlobal
